
Microsoft Visual Studio Solution File, Format Version 12.00
# Visual Studio Version 16
VisualStudioVersion = 16.0.29509.3
MinimumVisualStudioVersion = 10.0.40219.1
Project("{FAE04EC0-301F-11D3-BF4B-00C04F79EFBC}") = "EloSwissCli", "ConsoleApp1\EloSwissCli.csproj", "{5958FE69-540A-4365-B013-99E22BC7784E}"
EndProject
Project("{FAE04EC0-301F-11D3-BF4B-00C04F79EFBC}") = "EloSwiss", "EloSwiss\EloSwiss.csproj", "{5C14C74F-54C2-44D5-9592-565C97ABA269}"
EndProject
Project("{FAE04EC0-301F-11D3-BF4B-00C04F79EFBC}") = "EloSwiss.Tests", "EloSwiss.Tests\EloSwiss.Tests.csproj", "{7410FD11-B02C-4305-A803-6E12EB21063F}"
EndProject
Global
	GlobalSection(SolutionConfigurationPlatforms) = preSolution
		Debug|Any CPU = Debug|Any CPU
		Release|Any CPU = Release|Any CPU
	EndGlobalSection
	GlobalSection(ProjectConfigurationPlatforms) = postSolution
		{5958FE69-540A-4365-B013-99E22BC7784E}.Debug|Any CPU.ActiveCfg = Debug|Any CPU
		{5958FE69-540A-4365-B013-99E22BC7784E}.Debug|Any CPU.Build.0 = Debug|Any CPU
		{5958FE69-540A-4365-B013-99E22BC7784E}.Release|Any CPU.ActiveCfg = Release|Any CPU
		{5958FE69-540A-4365-B013-99E22BC7784E}.Release|Any CPU.Build.0 = Release|Any CPU
		{5C14C74F-54C2-44D5-9592-565C97ABA269}.Debug|Any CPU.ActiveCfg = Debug|Any CPU
		{5C14C74F-54C2-44D5-9592-565C97ABA269}.Debug|Any CPU.Build.0 = Debug|Any CPU
		{5C14C74F-54C2-44D5-9592-565C97ABA269}.Release|Any CPU.ActiveCfg = Release|Any CPU
		{5C14C74F-54C2-44D5-9592-565C97ABA269}.Release|Any CPU.Build.0 = Release|Any CPU
		{7410FD11-B02C-4305-A803-6E12EB21063F}.Debug|Any CPU.ActiveCfg = Debug|Any CPU
		{7410FD11-B02C-4305-A803-6E12EB21063F}.Debug|Any CPU.Build.0 = Debug|Any CPU
		{7410FD11-B02C-4305-A803-6E12EB21063F}.Release|Any CPU.ActiveCfg = Release|Any CPU
		{7410FD11-B02C-4305-A803-6E12EB21063F}.Release|Any CPU.Build.0 = Release|Any CPU
	EndGlobalSection
	GlobalSection(SolutionProperties) = preSolution
		HideSolutionNode = FALSE
	EndGlobalSection
	GlobalSection(ExtensibilityGlobals) = postSolution
		SolutionGuid = {A4294E64-7415-4E5E-9808-1CE8AFAA5390}
	EndGlobalSection
EndGlobal
